
Microsoft Visual Studio Solution File, Format Version 12.00
# Visual Studio Version 17
VisualStudioVersion = 17.9.34622.214
MinimumVisualStudioVersion = 10.0.40219.1
Project("{9A19103F-16F7-4668-BE54-9A1E7A4F7556}") = "TaskBox.Domain", "TaskBox.Domain\TaskBox.Domain.csproj", "{0E39B5A6-6988-4D0A-A116-6567BE147F1D}"
EndProject
Project("{9A19103F-16F7-4668-BE54-9A1E7A4F7556}") = "TaskBox.Infra.Data", "TaskBox.Infra.Data\TaskBox.Infra.Data.csproj", "{C4B72F83-3CAF-4400-90B1-5659BEA83995}"
EndProject
Project("{9A19103F-16F7-4668-BE54-9A1E7A4F7556}") = "TaskBox.Infra.CrossCutting", "TaskBox.Infra.CrossCutting\TaskBox.Infra.CrossCutting.csproj", "{2917C983-9A5C-4BE3-ACEB-3A2C23EAB939}"
EndProject
Project("{9A19103F-16F7-4668-BE54-9A1E7A4F7556}") = "TaskBox.Api", "TaskBox.Api\TaskBox.Api.csproj", "{42EFFA25-22BA-4233-B349-23B45393CBEF}"
EndProject
Project("{9A19103F-16F7-4668-BE54-9A1E7A4F7556}") = "TaskBox.Application", "TaskBox.Application\TaskBox.Application.csproj", "{ED64FF1B-FC58-4C20-83AF-97360152AD1E}"
EndProject
Project("{FAE04EC0-301F-11D3-BF4B-00C04F79EFBC}") = "TaskBox.Infra.CossCutting.IoC", "TaskBox.Infra.CossCutting.IoC\TaskBox.Infra.CossCutting.IoC.csproj", "{66DC7114-86B2-46D1-BA25-DE46899EE667}"
EndProject
Global
	GlobalSection(SolutionConfigurationPlatforms) = preSolution
		Debug|Any CPU = Debug|Any CPU
		Release|Any CPU = Release|Any CPU
	EndGlobalSection
	GlobalSection(ProjectConfigurationPlatforms) = postSolution
		{0E39B5A6-6988-4D0A-A116-6567BE147F1D}.Debug|Any CPU.ActiveCfg = Debug|Any CPU
		{0E39B5A6-6988-4D0A-A116-6567BE147F1D}.Debug|Any CPU.Build.0 = Debug|Any CPU
		{0E39B5A6-6988-4D0A-A116-6567BE147F1D}.Release|Any CPU.ActiveCfg = Release|Any CPU
		{0E39B5A6-6988-4D0A-A116-6567BE147F1D}.Release|Any CPU.Build.0 = Release|Any CPU
		{C4B72F83-3CAF-4400-90B1-5659BEA83995}.Debug|Any CPU.ActiveCfg = Debug|Any CPU
		{C4B72F83-3CAF-4400-90B1-5659BEA83995}.Debug|Any CPU.Build.0 = Debug|Any CPU
		{C4B72F83-3CAF-4400-90B1-5659BEA83995}.Release|Any CPU.ActiveCfg = Release|Any CPU
		{C4B72F83-3CAF-4400-90B1-5659BEA83995}.Release|Any CPU.Build.0 = Release|Any CPU
		{2917C983-9A5C-4BE3-ACEB-3A2C23EAB939}.Debug|Any CPU.ActiveCfg = Debug|Any CPU
		{2917C983-9A5C-4BE3-ACEB-3A2C23EAB939}.Debug|Any CPU.Build.0 = Debug|Any CPU
		{2917C983-9A5C-4BE3-ACEB-3A2C23EAB939}.Release|Any CPU.ActiveCfg = Release|Any CPU
		{2917C983-9A5C-4BE3-ACEB-3A2C23EAB939}.Release|Any CPU.Build.0 = Release|Any CPU
		{42EFFA25-22BA-4233-B349-23B45393CBEF}.Debug|Any CPU.ActiveCfg = Debug|Any CPU
		{42EFFA25-22BA-4233-B349-23B45393CBEF}.Debug|Any CPU.Build.0 = Debug|Any CPU
		{42EFFA25-22BA-4233-B349-23B45393CBEF}.Release|Any CPU.ActiveCfg = Release|Any CPU
		{42EFFA25-22BA-4233-B349-23B45393CBEF}.Release|Any CPU.Build.0 = Release|Any CPU
		{ED64FF1B-FC58-4C20-83AF-97360152AD1E}.Debug|Any CPU.ActiveCfg = Debug|Any CPU
		{ED64FF1B-FC58-4C20-83AF-97360152AD1E}.Debug|Any CPU.Build.0 = Debug|Any CPU
		{ED64FF1B-FC58-4C20-83AF-97360152AD1E}.Release|Any CPU.ActiveCfg = Release|Any CPU
		{ED64FF1B-FC58-4C20-83AF-97360152AD1E}.Release|Any CPU.Build.0 = Release|Any CPU
		{66DC7114-86B2-46D1-BA25-DE46899EE667}.Debug|Any CPU.ActiveCfg = Debug|Any CPU
		{66DC7114-86B2-46D1-BA25-DE46899EE667}.Debug|Any CPU.Build.0 = Debug|Any CPU
		{66DC7114-86B2-46D1-BA25-DE46899EE667}.Release|Any CPU.ActiveCfg = Release|Any CPU
		{66DC7114-86B2-46D1-BA25-DE46899EE667}.Release|Any CPU.Build.0 = Release|Any CPU
	EndGlobalSection
	GlobalSection(SolutionProperties) = preSolution
		HideSolutionNode = FALSE
	EndGlobalSection
	GlobalSection(ExtensibilityGlobals) = postSolution
		SolutionGuid = {B11D0026-FC45-40EC-8934-B665BBF13731}
	EndGlobalSection
EndGlobal
